// !$*UTF8*$!
{
	archiveVersion = 1;
	classes = {
	};
	objectVersion = 50;
	objects = {

/* Begin PBXBuildFile section */
		477A42B726EA3E1D008EF98C /* AppDelegate.swift in Sources */ = {isa = PBXBuildFile; fileRef = 477A42B626EA3E1D008EF98C /* AppDelegate.swift */; };
		477A42B926EA3E1D008EF98C /* SceneDelegate.swift in Sources */ = {isa = PBXBuildFile; fileRef = 477A42B826EA3E1D008EF98C /* SceneDelegate.swift */; };
		477A42BB26EA3E1D008EF98C /* ViewController.swift in Sources */ = {isa = PBXBuildFile; fileRef = 477A42BA26EA3E1D008EF98C /* ViewController.swift */; };
		477A42BE26EA3E1D008EF98C /* Main.storyboard in Resources */ = {isa = PBXBuildFile; fileRef = 477A42BC26EA3E1D008EF98C /* Main.storyboard */; };
		477A42C026EA3E1E008EF98C /* Assets.xcassets in Resources */ = {isa = PBXBuildFile; fileRef = 477A42BF26EA3E1E008EF98C /* Assets.xcassets */; };
		477A42C326EA3E1E008EF98C /* LaunchScreen.storyboard in Resources */ = {isa = PBXBuildFile; fileRef = 477A42C126EA3E1E008EF98C /* LaunchScreen.storyboard */; };
		477A42CB26EA41F4008EF98C /* TableViewController.swift in Sources */ = {isa = PBXBuildFile; fileRef = 477A42CA26EA41F4008EF98C /* TableViewController.swift */; };
		477A42CF26EA42F0008EF98C /* Entry.swift in Sources */ = {isa = PBXBuildFile; fileRef = 477A42CE26EA42F0008EF98C /* Entry.swift */; };
		477A42D226EA458F008EF98C /* EntryManager.swift in Sources */ = {isa = PBXBuildFile; fileRef = 477A42D126EA458F008EF98C /* EntryManager.swift */; };
/* End PBXBuildFile section */

/* Begin PBXFileReference section */
		477A42B326EA3E1D008EF98C /* Journal.app */ = {isa = PBXFileReference; explicitFileType = wrapper.application; includeInIndex = 0; path = Journal.app; sourceTree = BUILT_PRODUCTS_DIR; };
		477A42B626EA3E1D008EF98C /* AppDelegate.swift */ = {isa = PBXFileReference; lastKnownFileType = sourcecode.swift; path = AppDelegate.swift; sourceTree = "<group>"; };
		477A42B826EA3E1D008EF98C /* SceneDelegate.swift */ = {isa = PBXFileReference; lastKnownFileType = sourcecode.swift; path = SceneDelegate.swift; sourceTree = "<group>"; };
		477A42BA26EA3E1D008EF98C /* ViewController.swift */ = {isa = PBXFileReference; lastKnownFileType = sourcecode.swift; path = ViewController.swift; sourceTree = "<group>"; };
		477A42BD26EA3E1D008EF98C /* Base */ = {isa = PBXFileReference; lastKnownFileType = file.storyboard; name = Base; path = Base.lproj/Main.storyboard; sourceTree = "<group>"; };
		477A42BF26EA3E1E008EF98C /* Assets.xcassets */ = {isa = PBXFileReference; lastKnownFileType = folder.assetcatalog; path = Assets.xcassets; sourceTree = "<group>"; };
		477A42C226EA3E1E008EF98C /* Base */ = {isa = PBXFileReference; lastKnownFileType = file.storyboard; name = Base; path = Base.lproj/LaunchScreen.storyboard; sourceTree = "<group>"; };
		477A42C426EA3E1E008EF98C /* Info.plist */ = {isa = PBXFileReference; lastKnownFileType = text.plist.xml; path = Info.plist; sourceTree = "<group>"; };
		477A42CA26EA41F4008EF98C /* TableViewController.swift */ = {isa = PBXFileReference; lastKnownFileType = sourcecode.swift; path = TableViewController.swift; sourceTree = "<group>"; };
		477A42CE26EA42F0008EF98C /* Entry.swift */ = {isa = PBXFileReference; lastKnownFileType = sourcecode.swift; path = Entry.swift; sourceTree = "<group>"; };
		477A42D126EA458F008EF98C /* EntryManager.swift */ = {isa = PBXFileReference; lastKnownFileType = sourcecode.swift; path = EntryManager.swift; sourceTree = "<group>"; };
/* End PBXFileReference section */

/* Begin PBXFrameworksBuildPhase section */
		477A42B026EA3E1D008EF98C /* Frameworks */ = {
			isa = PBXFrameworksBuildPhase;
			buildActionMask = 2147483647;
			files = (
			);
			runOnlyForDeploymentPostprocessing = 0;
		};
/* End PBXFrameworksBuildPhase section */

/* Begin PBXGroup section */
		477A42AA26EA3E1D008EF98C = {
			isa = PBXGroup;
			children = (
				477A42B526EA3E1D008EF98C /* Journal */,
				477A42B426EA3E1D008EF98C /* Products */,
			);
			sourceTree = "<group>";
		};
		477A42B426EA3E1D008EF98C /* Products */ = {
			isa = PBXGroup;
			children = (
				477A42B326EA3E1D008EF98C /* Journal.app */,
			);
			name = Products;
			sourceTree = "<group>";
		};
		477A42B526EA3E1D008EF98C /* Journal */ = {
			isa = PBXGroup;
			children = (
				477A42B626EA3E1D008EF98C /* AppDelegate.swift */,
				477A42B826EA3E1D008EF98C /* SceneDelegate.swift */,
				477A42D026EA4573008EF98C /* Models */,
				477A42CD26EA4224008EF98C /* Controllers */,
				477A42CC26EA41FD008EF98C /* Views */,
				477A42BF26EA3E1E008EF98C /* Assets.xcassets */,
				477A42C126EA3E1E008EF98C /* LaunchScreen.storyboard */,
				477A42C426EA3E1E008EF98C /* Info.plist */,
			);
			path = Journal;
			sourceTree = "<group>";
		};
		477A42CC26EA41FD008EF98C /* Views */ = {
			isa = PBXGroup;
			children = (
				477A42BC26EA3E1D008EF98C /* Main.storyboard */,
			);
			path = Views;
			sourceTree = "<group>";
		};
		477A42CD26EA4224008EF98C /* Controllers */ = {
			isa = PBXGroup;
			children = (
				477A42BA26EA3E1D008EF98C /* ViewController.swift */,
				477A42CA26EA41F4008EF98C /* TableViewController.swift */,
			);
			path = Controllers;
			sourceTree = "<group>";
		};
		477A42D026EA4573008EF98C /* Models */ = {
			isa = PBXGroup;
			children = (
				477A42CE26EA42F0008EF98C /* Entry.swift */,
				477A42D126EA458F008EF98C /* EntryManager.swift */,
			);
			path = Models;
			sourceTree = "<group>";
		};
/* End PBXGroup section */

/* Begin PBXNativeTarget section */
		477A42B226EA3E1D008EF98C /* Journal */ = {
			isa = PBXNativeTarget;
			buildConfigurationList = 477A42C726EA3E1E008EF98C /* Build configuration list for PBXNativeTarget "Journal" */;
			buildPhases = (
				477A42AF26EA3E1D008EF98C /* Sources */,
				477A42B026EA3E1D008EF98C /* Frameworks */,
				477A42B126EA3E1D008EF98C /* Resources */,
			);
			buildRules = (
			);
			dependencies = (
			);
			name = Journal;
			productName = Journal;
			productReference = 477A42B326EA3E1D008EF98C /* Journal.app */;
			productType = "com.apple.product-type.application";
		};
/* End PBXNativeTarget section */

/* Begin PBXProject section */
		477A42AB26EA3E1D008EF98C /* Project object */ = {
			isa = PBXProject;
			attributes = {
				LastSwiftUpdateCheck = 1250;
				LastUpgradeCheck = 1250;
				TargetAttributes = {
					477A42B226EA3E1D008EF98C = {
						CreatedOnToolsVersion = 12.5.1;
					};
				};
			};
			buildConfigurationList = 477A42AE26EA3E1D008EF98C /* Build configuration list for PBXProject "Journal" */;
			compatibilityVersion = "Xcode 9.3";
			developmentRegion = en;
			hasScannedForEncodings = 0;
			knownRegions = (
				en,
				Base,
			);
			mainGroup = 477A42AA26EA3E1D008EF98C;
			productRefGroup = 477A42B426EA3E1D008EF98C /* Products */;
			projectDirPath = "";
			projectRoot = "";
			targets = (
				477A42B226EA3E1D008EF98C /* Journal */,
			);
		};
/* End PBXProject section */

/* Begin PBXResourcesBuildPhase section */
		477A42B126EA3E1D008EF98C /* Resources */ = {
			isa = PBXResourcesBuildPhase;
			buildActionMask = 2147483647;
			files = (
				477A42C326EA3E1E008EF98C /* LaunchScreen.storyboard in Resources */,
				477A42C026EA3E1E008EF98C /* Assets.xcassets in Resources */,
				477A42BE26EA3E1D008EF98C /* Main.storyboard in Resources */,
			);
			runOnlyForDeploymentPostprocessing = 0;
		};
/* End PBXResourcesBuildPhase section */

/* Begin PBXSourcesBuildPhase section */
		477A42AF26EA3E1D008EF98C /* Sources */ = {
			isa = PBXSourcesBuildPhase;
			buildActionMask = 2147483647;
			files = (
				477A42D226EA458F008EF98C /* EntryManager.swift in Sources */,
				477A42CF26EA42F0008EF98C /* Entry.swift in Sources */,
				477A42BB26EA3E1D008EF98C /* ViewController.swift in Sources */,
				477A42B726EA3E1D008EF98C /* AppDelegate.swift in Sources */,
				477A42B926EA3E1D008EF98C /* SceneDelegate.swift in Sources */,
				477A42CB26EA41F4008EF98C /* TableViewController.swift in Sources */,
			);
			runOnlyForDeploymentPostprocessing = 0;
		};
/* End PBXSourcesBuildPhase section */

/* Begin PBXVariantGroup section */
		477A42BC26EA3E1D008EF98C /* Main.storyboard */ = {
			isa = PBXVariantGroup;
			children = (
				477A42BD26EA3E1D008EF98C /* Base */,
			);
			name = Main.storyboard;
			sourceTree = "<group>";
		};
		477A42C126EA3E1E008EF98C /* LaunchScreen.storyboard */ = {
			isa = PBXVariantGroup;
			children = (
				477A42C226EA3E1E008EF98C /* Base */,
			);
			name = LaunchScreen.storyboard;
			sourceTree = "<group>";
		};
/* End PBXVariantGroup section */

/* Begin XCBuildConfiguration section */
		477A42C526EA3E1E008EF98C /* Debug */ = {
			isa = XCBuildConfiguration;
			buildSettings = {
				ALWAYS_SEARCH_USER_PATHS = NO;
				CLANG_ANALYZER_NONNULL = YES;
				CLANG_ANALYZER_NUMBER_OBJECT_CONVERSION = YES_AGGRESSIVE;
				CLANG_CXX_LANGUAGE_STANDARD = "gnu++14";
				CLANG_CXX_LIBRARY = "libc++";
				CLANG_ENABLE_MODULES = YES;
				CLANG_ENABLE_OBJC_ARC = YES;
				CLANG_ENABLE_OBJC_WEAK = YES;
				CLANG_WARN_BLOCK_CAPTURE_AUTORELEASING = YES;
				CLANG_WARN_BOOL_CONVERSION = YES;
				CLANG_WARN_COMMA = YES;
				CLANG_WARN_CONSTANT_CONVERSION = YES;
				CLANG_WARN_DEPRECATED_OBJC_IMPLEMENTATIONS = YES;
				CLANG_WARN_DIRECT_OBJC_ISA_USAGE = YES_ERROR;
				CLANG_WARN_DOCUMENTATION_COMMENTS = YES;
				CLANG_WARN_EMPTY_BODY = YES;
				CLANG_WARN_ENUM_CONVERSION = YES;
				CLANG_WARN_INFINITE_RECURSION = YES;
				CLANG_WARN_INT_CONVERSION = YES;
				CLANG_WARN_NON_LITERAL_NULL_CONVERSION = YES;
				CLANG_WARN_OBJC_IMPLICIT_RETAIN_SELF = YES;
				CLANG_WARN_OBJC_LITERAL_CONVERSION = YES;
				CLANG_WARN_OBJC_ROOT_CLASS = YES_ERROR;
				CLANG_WARN_QUOTED_INCLUDE_IN_FRAMEWORK_HEADER = YES;
				CLANG_WARN_RANGE_LOOP_ANALYSIS = YES;
				CLANG_WARN_STRICT_PROTOTYPES = YES;
				CLANG_WARN_SUSPICIOUS_MOVE = YES;
				CLANG_WARN_UNGUARDED_AVAILABILITY = YES_AGGRESSIVE;
				CLANG_WARN_UNREACHABLE_CODE = YES;
				CLANG_WARN__DUPLICATE_METHOD_MATCH = YES;
				COPY_PHASE_STRIP = NO;
				DEBUG_INFORMATION_FORMAT = dwarf;
				ENABLE_STRICT_OBJC_MSGSEND = YES;
				ENABLE_TESTABILITY = YES;
				GCC_C_LANGUAGE_STANDARD = gnu11;
				GCC_DYNAMIC_NO_PIC = NO;
				GCC_NO_COMMON_BLOCKS = YES;
				GCC_OPTIMIZATION_LEVEL = 0;
				GCC_PREPROCESSOR_DEFINITIONS = (
					"DEBUG=1",
					"$(inherited)",
				);
				GCC_WARN_64_TO_32_BIT_CONVERSION = YES;
				GCC_WARN_ABOUT_RETURN_TYPE = YES_ERROR;
				GCC_WARN_UNDECLARED_SELECTOR = YES;
				GCC_WARN_UNINITIALIZED_AUTOS = YES_AGGRESSIVE;
				GCC_WARN_UNUSED_FUNCTION = YES;
				GCC_WARN_UNUSED_VARIABLE = YES;
				IPHONEOS_DEPLOYMENT_TARGET = 14.5;
				MTL_ENABLE_DEBUG_INFO = INCLUDE_SOURCE;
				MTL_FAST_MATH = YES;
				ONLY_ACTIVE_ARCH = YES;
				SDKROOT = iphoneos;
				SWIFT_ACTIVE_COMPILATION_CONDITIONS = DEBUG;
				SWIFT_OPTIMIZATION_LEVEL = "-Onone";
			};
			name = Debug;
		};
		477A42C626EA3E1E008EF98C /* Release */ = {
			isa = XCBuildConfiguration;
			buildSettings = {
				ALWAYS_SEARCH_USER_PATHS = NO;
				CLANG_ANALYZER_NONNULL = YES;
				CLANG_ANALYZER_NUMBER_OBJECT_CONVERSION = YES_AGGRESSIVE;
				CLANG_CXX_LANGUAGE_STANDARD = "gnu++14";
				CLANG_CXX_LIBRARY = "libc++";
				CLANG_ENABLE_MODULES = YES;
				CLANG_ENABLE_OBJC_ARC = YES;
				CLANG_ENABLE_OBJC_WEAK = YES;
				CLANG_WARN_BLOCK_CAPTURE_AUTORELEASING = YES;
				CLANG_WARN_BOOL_CONVERSION = YES;
				CLANG_WARN_COMMA = YES;
				CLANG_WARN_CONSTANT_CONVERSION = YES;
				CLANG_WARN_DEPRECATED_OBJC_IMPLEMENTATIONS = YES;
				CLANG_WARN_DIRECT_OBJC_ISA_USAGE = YES_ERROR;
				CLANG_WARN_DOCUMENTATION_COMMENTS = YES;
				CLANG_WARN_EMPTY_BODY = YES;
				CLANG_WARN_ENUM_CONVERSION = YES;
				CLANG_WARN_INFINITE_RECURSION = YES;
				CLANG_WARN_INT_CONVERSION = YES;
				CLANG_WARN_NON_LITERAL_NULL_CONVERSION = YES;
				CLANG_WARN_OBJC_IMPLICIT_RETAIN_SELF = YES;
				CLANG_WARN_OBJC_LITERAL_CONVERSION = YES;
				CLANG_WARN_OBJC_ROOT_CLASS = YES_ERROR;
				CLANG_WARN_QUOTED_INCLUDE_IN_FRAMEWORK_HEADER = YES;
				CLANG_WARN_RANGE_LOOP_ANALYSIS = YES;
				CLANG_WARN_STRICT_PROTOTYPES = YES;
				CLANG_WARN_SUSPICIOUS_MOVE = YES;
				CLANG_WARN_UNGUARDED_AVAILABILITY = YES_AGGRESSIVE;
				CLANG_WARN_UNREACHABLE_CODE = YES;
				CLANG_WARN__DUPLICATE_METHOD_MATCH = YES;
				COPY_PHASE_STRIP = NO;
				DEBUG_INFORMATION_FORMAT = "dwarf-with-dsym";
				ENABLE_NS_ASSERTIONS = NO;
				ENABLE_STRICT_OBJC_MSGSEND = YES;
				GCC_C_LANGUAGE_STANDARD = gnu11;
				GCC_NO_COMMON_BLOCKS = YES;
				GCC_WARN_64_TO_32_BIT_CONVERSION = YES;
				GCC_WARN_ABOUT_RETURN_TYPE = YES_ERROR;
				GCC_WARN_UNDECLARED_SELECTOR = YES;
				GCC_WARN_UNINITIALIZED_AUTOS = YES_AGGRESSIVE;
				GCC_WARN_UNUSED_FUNCTION = YES;
				GCC_WARN_UNUSED_VARIABLE = YES;
				IPHONEOS_DEPLOYMENT_TARGET = 14.5;
				MTL_ENABLE_DEBUG_INFO = NO;
				MTL_FAST_MATH = YES;
				SDKROOT = iphoneos;
				SWIFT_COMPILATION_MODE = wholemodule;
				SWIFT_OPTIMIZATION_LEVEL = "-O";
				VALIDATE_PRODUCT = YES;
			};
			name = Release;
		};
		477A42C826EA3E1E008EF98C /* Debug */ = {
			isa = XCBuildConfiguration;
			buildSettings = {
				ASSETCATALOG_COMPILER_APPICON_NAME = AppIcon;
				ASSETCATALOG_COMPILER_GLOBAL_ACCENT_COLOR_NAME = AccentColor;
				CODE_SIGN_STYLE = Automatic;
				INFOPLIST_FILE = Journal/Info.plist;
				LD_RUNPATH_SEARCH_PATHS = (
					"$(inherited)",
					"@executable_path/Frameworks",
				);
				PRODUCT_BUNDLE_IDENTIFIER = com.tweakzgg.Journal;
				PRODUCT_NAME = "$(TARGET_NAME)";
				SWIFT_VERSION = 5.0;
				TARGETED_DEVICE_FAMILY = "1,2";
			};
			name = Debug;
		};
		477A42C926EA3E1E008EF98C /* Release */ = {
			isa = XCBuildConfiguration;
			buildSettings = {
				ASSETCATALOG_COMPILER_APPICON_NAME = AppIcon;
				ASSETCATALOG_COMPILER_GLOBAL_ACCENT_COLOR_NAME = AccentColor;
				CODE_SIGN_STYLE = Automatic;
				INFOPLIST_FILE = Journal/Info.plist;
				LD_RUNPATH_SEARCH_PATHS = (
					"$(inherited)",
					"@executable_path/Frameworks",
				);
				PRODUCT_BUNDLE_IDENTIFIER = com.tweakzgg.Journal;
				PRODUCT_NAME = "$(TARGET_NAME)";
				SWIFT_VERSION = 5.0;
				TARGETED_DEVICE_FAMILY = "1,2";
			};
			name = Release;
		};
/* End XCBuildConfiguration section */

/* Begin XCConfigurationList section */
		477A42AE26EA3E1D008EF98C /* Build configuration list for PBXProject "Journal" */ = {
			isa = XCConfigurationList;
			buildConfigurations = (
				477A42C526EA3E1E008EF98C /* Debug */,
				477A42C626EA3E1E008EF98C /* Release */,
			);
			defaultConfigurationIsVisible = 0;
			defaultConfigurationName = Release;
		};
		477A42C726EA3E1E008EF98C /* Build configuration list for PBXNativeTarget "Journal" */ = {
			isa = XCConfigurationList;
			buildConfigurations = (
				477A42C826EA3E1E008EF98C /* Debug */,
				477A42C926EA3E1E008EF98C /* Release */,
			);
			defaultConfigurationIsVisible = 0;
			defaultConfigurationName = Release;
		};
/* End XCConfigurationList section */
	};
	rootObject = 477A42AB26EA3E1D008EF98C /* Project object */;
}
